// !$*UTF8*$!
{
	archiveVersion = 1;
	classes = {
	};
	objectVersion = 46;
	objects = {

/* Begin PBXBuildFile section */
		B1B7025215DD66EA00F2DCB4 /* futures.cpp in Sources */ = {isa = PBXBuildFile; fileRef = B1B7024E15DD66EA00F2DCB4 /* futures.cpp */; };
		B1B7025315DD66EA00F2DCB4 /* main.cpp in Sources */ = {isa = PBXBuildFile; fileRef = B1B7024F15DD66EA00F2DCB4 /* main.cpp */; };
		B1B7025615DD87B400F2DCB4 /* wasync.cpp in Sources */ = {isa = PBXBuildFile; fileRef = B1B7025515DD87B400F2DCB4 /* wasync.cpp */; };
		B1B7025E15DDA51300F2DCB4 /* spsc_bounded_fifo.cpp in Sources */ = {isa = PBXBuildFile; fileRef = B1B7025015DD66EA00F2DCB4 /* spsc_bounded_fifo.cpp */; };
/* End PBXBuildFile section */

/* Begin PBXCopyFilesBuildPhase section */
		B1B7023A15DD65C800F2DCB4 /* CopyFiles */ = {
			isa = PBXCopyFilesBuildPhase;
			buildActionMask = 2147483647;
			dstPath = /usr/share/man/man1/;
			dstSubfolderSpec = 0;
			files = (
			);
			runOnlyForDeploymentPostprocessing = 1;
		};
/* End PBXCopyFilesBuildPhase section */

/* Begin PBXFileReference section */
		B1B7023C15DD65C800F2DCB4 /* LustreFutures */ = {isa = PBXFileReference; explicitFileType = "compiled.mach-o.executable"; includeInIndex = 0; path = LustreFutures; sourceTree = BUILT_PRODUCTS_DIR; };
		B1B7024E15DD66EA00F2DCB4 /* futures.cpp */ = {isa = PBXFileReference; fileEncoding = 4; lastKnownFileType = sourcecode.cpp.cpp; path = futures.cpp; sourceTree = "<group>"; };
		B1B7024F15DD66EA00F2DCB4 /* main.cpp */ = {isa = PBXFileReference; fileEncoding = 4; lastKnownFileType = sourcecode.cpp.cpp; path = main.cpp; sourceTree = "<group>"; };
		B1B7025015DD66EA00F2DCB4 /* spsc_bounded_fifo.cpp */ = {isa = PBXFileReference; fileEncoding = 4; lastKnownFileType = sourcecode.cpp.cpp; path = spsc_bounded_fifo.cpp; sourceTree = "<group>"; };
		B1B7025115DD66EA00F2DCB4 /* utils.h */ = {isa = PBXFileReference; fileEncoding = 4; lastKnownFileType = sourcecode.c.h; path = utils.h; sourceTree = "<group>"; };
		B1B7025515DD87B400F2DCB4 /* wasync.cpp */ = {isa = PBXFileReference; fileEncoding = 4; lastKnownFileType = sourcecode.cpp.cpp; path = wasync.cpp; sourceTree = "<group>"; };
		B1B7025D15DD899100F2DCB4 /* simple_c */ = {isa = PBXFileReference; lastKnownFileType = folder; path = simple_c; sourceTree = "<group>"; };
/* End PBXFileReference section */

/* Begin PBXFrameworksBuildPhase section */
		B1B7023915DD65C800F2DCB4 /* Frameworks */ = {
			isa = PBXFrameworksBuildPhase;
			buildActionMask = 2147483647;
			files = (
			);
			runOnlyForDeploymentPostprocessing = 0;
		};
/* End PBXFrameworksBuildPhase section */

/* Begin PBXGroup section */
		B1B7023115DD65C800F2DCB4 = {
			isa = PBXGroup;
			children = (
				B1B7025D15DD899100F2DCB4 /* simple_c */,
				B1B7025515DD87B400F2DCB4 /* wasync.cpp */,
				B1B7024E15DD66EA00F2DCB4 /* futures.cpp */,
				B1B7024F15DD66EA00F2DCB4 /* main.cpp */,
				B1B7025015DD66EA00F2DCB4 /* spsc_bounded_fifo.cpp */,
				B1B7025115DD66EA00F2DCB4 /* utils.h */,
				B1B7023D15DD65C800F2DCB4 /* Products */,
			);
			sourceTree = "<group>";
		};
		B1B7023D15DD65C800F2DCB4 /* Products */ = {
			isa = PBXGroup;
			children = (
				B1B7023C15DD65C800F2DCB4 /* LustreFutures */,
			);
			name = Products;
			sourceTree = "<group>";
		};
/* End PBXGroup section */

/* Begin PBXNativeTarget section */
		B1B7023B15DD65C800F2DCB4 /* LustreFutures */ = {
			isa = PBXNativeTarget;
			buildConfigurationList = B1B7024615DD65C800F2DCB4 /* Build configuration list for PBXNativeTarget "LustreFutures" */;
			buildPhases = (
				B1B7023815DD65C800F2DCB4 /* Sources */,
				B1B7023915DD65C800F2DCB4 /* Frameworks */,
				B1B7023A15DD65C800F2DCB4 /* CopyFiles */,
			);
			buildRules = (
			);
			dependencies = (
			);
			name = LustreFutures;
			productName = LustreFutures;
			productReference = B1B7023C15DD65C800F2DCB4 /* LustreFutures */;
			productType = "com.apple.product-type.tool";
		};
/* End PBXNativeTarget section */

/* Begin PBXProject section */
		B1B7023315DD65C800F2DCB4 /* Project object */ = {
			isa = PBXProject;
			attributes = {
				LastUpgradeCheck = 0440;
				ORGANIZATIONNAME = "Leonard Gerard";
			};
			buildConfigurationList = B1B7023615DD65C800F2DCB4 /* Build configuration list for PBXProject "LustreFutures" */;
			compatibilityVersion = "Xcode 3.2";
			developmentRegion = English;
			hasScannedForEncodings = 0;
			knownRegions = (
				en,
			);
			mainGroup = B1B7023115DD65C800F2DCB4;
			productRefGroup = B1B7023D15DD65C800F2DCB4 /* Products */;
			projectDirPath = "";
			projectRoot = "";
			targets = (
				B1B7023B15DD65C800F2DCB4 /* LustreFutures */,
			);
		};
/* End PBXProject section */

/* Begin PBXSourcesBuildPhase section */
		B1B7023815DD65C800F2DCB4 /* Sources */ = {
			isa = PBXSourcesBuildPhase;
			buildActionMask = 2147483647;
			files = (
				B1B7025E15DDA51300F2DCB4 /* spsc_bounded_fifo.cpp in Sources */,
				B1B7025215DD66EA00F2DCB4 /* futures.cpp in Sources */,
				B1B7025315DD66EA00F2DCB4 /* main.cpp in Sources */,
				B1B7025615DD87B400F2DCB4 /* wasync.cpp in Sources */,
			);
			runOnlyForDeploymentPostprocessing = 0;
		};
/* End PBXSourcesBuildPhase section */

/* Begin XCBuildConfiguration section */
		B1B7024415DD65C800F2DCB4 /* Debug */ = {
			isa = XCBuildConfiguration;
			buildSettings = {
				ALWAYS_SEARCH_USER_PATHS = YES;
				ARCHS = "$(ARCHS_STANDARD_64_BIT)";
				CLANG_CXX_LANGUAGE_STANDARD = "c++0x";
				CLANG_CXX_LIBRARY = "libc++";
				CLANG_WARN_SUSPICIOUS_IMPLICIT_CONVERSION = YES;
				CLANG_WARN__DUPLICATE_METHOD_MATCH = YES;
				COPY_PHASE_STRIP = NO;
				GCC_C_LANGUAGE_STANDARD = gnu99;
				GCC_DYNAMIC_NO_PIC = NO;
				GCC_ENABLE_OBJC_EXCEPTIONS = YES;
				GCC_OPTIMIZATION_LEVEL = 0;
				GCC_PREPROCESSOR_DEFINITIONS = (
					"DEBUG=1",
					"$(inherited)",
				);
				GCC_SYMBOLS_PRIVATE_EXTERN = NO;
				GCC_UNROLL_LOOPS = NO;
				GCC_WARN_64_TO_32_BIT_CONVERSION = YES;
				GCC_WARN_ABOUT_RETURN_TYPE = YES;
				GCC_WARN_INITIALIZER_NOT_FULLY_BRACKETED = YES;
				GCC_WARN_UNINITIALIZED_AUTOS = YES;
				GCC_WARN_UNUSED_VARIABLE = YES;
				MACOSX_DEPLOYMENT_TARGET = 10.8;
				ONLY_ACTIVE_ARCH = YES;
				SDKROOT = macosx;
			};
			name = Debug;
		};
		B1B7024515DD65C800F2DCB4 /* Release */ = {
			isa = XCBuildConfiguration;
			buildSettings = {
				ALWAYS_SEARCH_USER_PATHS = YES;
				ARCHS = "$(ARCHS_STANDARD_64_BIT)";
				CLANG_CXX_LANGUAGE_STANDARD = "c++0x";
				CLANG_CXX_LIBRARY = "libc++";
				CLANG_WARN_SUSPICIOUS_IMPLICIT_CONVERSION = YES;
				CLANG_WARN__DUPLICATE_METHOD_MATCH = YES;
				COPY_PHASE_STRIP = YES;
				DEBUG_INFORMATION_FORMAT = "dwarf-with-dsym";
				GCC_C_LANGUAGE_STANDARD = gnu99;
				GCC_ENABLE_OBJC_EXCEPTIONS = YES;
				GCC_OPTIMIZATION_LEVEL = 2;
				GCC_UNROLL_LOOPS = NO;
				GCC_WARN_64_TO_32_BIT_CONVERSION = YES;
				GCC_WARN_ABOUT_RETURN_TYPE = YES;
				GCC_WARN_INITIALIZER_NOT_FULLY_BRACKETED = YES;
				GCC_WARN_UNINITIALIZED_AUTOS = YES;
				GCC_WARN_UNUSED_VARIABLE = YES;
				MACOSX_DEPLOYMENT_TARGET = 10.8;
				SDKROOT = macosx;
			};
			name = Release;
		};
		B1B7024715DD65C800F2DCB4 /* Debug */ = {
			isa = XCBuildConfiguration;
			buildSettings = {
				GENERATE_PROFILING_CODE = YES;
				PRODUCT_NAME = "$(TARGET_NAME)";
				RUN_CLANG_STATIC_ANALYZER = YES;
				SCAN_ALL_SOURCE_FILES_FOR_INCLUDES = YES;
			};
			name = Debug;
		};
		B1B7024815DD65C800F2DCB4 /* Release */ = {
			isa = XCBuildConfiguration;
			buildSettings = {
				GENERATE_PROFILING_CODE = NO;
				PRODUCT_NAME = "$(TARGET_NAME)";
				RUN_CLANG_STATIC_ANALYZER = YES;
				SCAN_ALL_SOURCE_FILES_FOR_INCLUDES = YES;
			};
			name = Release;
		};
/* End XCBuildConfiguration section */

/* Begin XCConfigurationList section */
		B1B7023615DD65C800F2DCB4 /* Build configuration list for PBXProject "LustreFutures" */ = {
			isa = XCConfigurationList;
			buildConfigurations = (
				B1B7024415DD65C800F2DCB4 /* Debug */,
				B1B7024515DD65C800F2DCB4 /* Release */,
			);
			defaultConfigurationIsVisible = 0;
			defaultConfigurationName = Release;
		};
		B1B7024615DD65C800F2DCB4 /* Build configuration list for PBXNativeTarget "LustreFutures" */ = {
			isa = XCConfigurationList;
			buildConfigurations = (
				B1B7024715DD65C800F2DCB4 /* Debug */,
				B1B7024815DD65C800F2DCB4 /* Release */,
			);
			defaultConfigurationIsVisible = 0;
			defaultConfigurationName = Release;
		};
/* End XCConfigurationList section */
	};
	rootObject = B1B7023315DD65C800F2DCB4 /* Project object */;
}
